// !$*UTF8*$!
{
	archiveVersion = 1;
	classes = {
	};
	objectVersion = 46;
	objects = {

/* Begin PBXBuildFile section */
		051A4C6E190AC12A00826C4A /* SBChooseShipsView.m in Sources */ = {isa = PBXBuildFile; fileRef = 051A4C6D190AC12A00826C4A /* SBChooseShipsView.m */; };
		051A4C71190AC19C00826C4A /* SBShipElement.m in Sources */ = {isa = PBXBuildFile; fileRef = 051A4C70190AC19C00826C4A /* SBShipElement.m */; };
		051A4C74190AC5F800826C4A /* SBShipElementView.m in Sources */ = {isa = PBXBuildFile; fileRef = 051A4C73190AC5F800826C4A /* SBShipElementView.m */; };
		051A4C78190AD02E00826C4A /* SBCellCoordinate.m in Sources */ = {isa = PBXBuildFile; fileRef = 051A4C77190AD02E00826C4A /* SBCellCoordinate.m */; };
		054170C11928EE9B00366B32 /* missed.png in Resources */ = {isa = PBXBuildFile; fileRef = 054170BE1928EE9B00366B32 /* missed.png */; };
		054170C21928EE9B00366B32 /* ship_defended.png in Resources */ = {isa = PBXBuildFile; fileRef = 054170BF1928EE9B00366B32 /* ship_defended.png */; };
		054170C31928EE9B00366B32 /* ship.png in Resources */ = {isa = PBXBuildFile; fileRef = 054170C01928EE9B00366B32 /* ship.png */; };
		054170C51928F47F00366B32 /* QuartzCore.framework in Frameworks */ = {isa = PBXBuildFile; fileRef = 054170C41928F47F00366B32 /* QuartzCore.framework */; };
		054170C91929220600366B32 /* NSKeyedUnarchiverExtensions.m in Sources */ = {isa = PBXBuildFile; fileRef = 054170C81929220600366B32 /* NSKeyedUnarchiverExtensions.m */; };
		0553F880190900E8007C0DB7 /* Foundation.framework in Frameworks */ = {isa = PBXBuildFile; fileRef = 0553F87F190900E8007C0DB7 /* Foundation.framework */; };
		0553F882190900E8007C0DB7 /* CoreGraphics.framework in Frameworks */ = {isa = PBXBuildFile; fileRef = 0553F881190900E8007C0DB7 /* CoreGraphics.framework */; };
		0553F884190900E8007C0DB7 /* UIKit.framework in Frameworks */ = {isa = PBXBuildFile; fileRef = 0553F883190900E8007C0DB7 /* UIKit.framework */; };
		0553F88C190900E8007C0DB7 /* main.m in Sources */ = {isa = PBXBuildFile; fileRef = 0553F88B190900E8007C0DB7 /* main.m */; };
		0553F890190900E8007C0DB7 /* SBAppDelegate.m in Sources */ = {isa = PBXBuildFile; fileRef = 0553F88F190900E8007C0DB7 /* SBAppDelegate.m */; };
		0553F896190900E8007C0DB7 /* SBGameViewController.m in Sources */ = {isa = PBXBuildFile; fileRef = 0553F895190900E8007C0DB7 /* SBGameViewController.m */; };
		0553F898190900E8007C0DB7 /* Images.xcassets in Resources */ = {isa = PBXBuildFile; fileRef = 0553F897190900E8007C0DB7 /* Images.xcassets */; };
		0553F89F190900E8007C0DB7 /* XCTest.framework in Frameworks */ = {isa = PBXBuildFile; fileRef = 0553F89E190900E8007C0DB7 /* XCTest.framework */; };
		0553F8A0190900E8007C0DB7 /* Foundation.framework in Frameworks */ = {isa = PBXBuildFile; fileRef = 0553F87F190900E8007C0DB7 /* Foundation.framework */; };
		0553F8A1190900E8007C0DB7 /* UIKit.framework in Frameworks */ = {isa = PBXBuildFile; fileRef = 0553F883190900E8007C0DB7 /* UIKit.framework */; };
		0553F8A9190900E8007C0DB7 /* InfoPlist.strings in Resources */ = {isa = PBXBuildFile; fileRef = 0553F8A7190900E8007C0DB7 /* InfoPlist.strings */; };
		0553F8AB190900E8007C0DB7 /* Sea_BattleTests.m in Sources */ = {isa = PBXBuildFile; fileRef = 0553F8AA190900E8007C0DB7 /* Sea_BattleTests.m */; };
		0553F8BD19090306007C0DB7 /* Storyboard_iPhone.storyboard in Resources */ = {isa = PBXBuildFile; fileRef = 0553F8BC19090306007C0DB7 /* Storyboard_iPhone.storyboard */; };
		0553F8C2190904F3007C0DB7 /* InfoPlist.strings in Resources */ = {isa = PBXBuildFile; fileRef = 0553F8C0190904F3007C0DB7 /* InfoPlist.strings */; };
		0553F8CB19090894007C0DB7 /* SBGameFieldView.m in Sources */ = {isa = PBXBuildFile; fileRef = 0553F8CA19090894007C0DB7 /* SBGameFieldView.m */; };
		0553F8CE190908D8007C0DB7 /* SBGameFieldCell.m in Sources */ = {isa = PBXBuildFile; fileRef = 0553F8CD190908D8007C0DB7 /* SBGameFieldCell.m */; };
		055B10071919606A003596EE /* SBShipLayouter.m in Sources */ = {isa = PBXBuildFile; fileRef = 055B10061919606A003596EE /* SBShipLayouter.m */; };
		057D93B01912FE8B00E8ECC7 /* NSArrayExtensions.m in Sources */ = {isa = PBXBuildFile; fileRef = 057D93AF1912FE8B00E8ECC7 /* NSArrayExtensions.m */; };
		0591FDC3190E6B2F0039DE5E /* SBShipPositionController.m in Sources */ = {isa = PBXBuildFile; fileRef = 0591FDC2190E6B2F0039DE5E /* SBShipPositionController.m */; };
		0591FDC6190F75500039DE5E /* SBGameController.m in Sources */ = {isa = PBXBuildFile; fileRef = 0591FDC5190F75500039DE5E /* SBGameController.m */; };
		05BE5D3C1918342E003B59E3 /* SBAIPlayer.m in Sources */ = {isa = PBXBuildFile; fileRef = 05BE5D3B1918342E003B59E3 /* SBAIPlayer.m */; };
		05BE5D3F19183B62003B59E3 /* SBAIAutomaticShipLayouter.m in Sources */ = {isa = PBXBuildFile; fileRef = 05BE5D3E19183B62003B59E3 /* SBAIAutomaticShipLayouter.m */; };
		05C24E7C191E80E000678F35 /* SBColorExtensions.m in Sources */ = {isa = PBXBuildFile; fileRef = 05C24E7B191E80E000678F35 /* SBColorExtensions.m */; };
		05C24E7F191E91D200678F35 /* SBGameEnviroment.m in Sources */ = {isa = PBXBuildFile; fileRef = 05C24E7E191E91D200678F35 /* SBGameEnviroment.m */; };
		05C24E82191EA3AC00678F35 /* SBPlayerInfo.m in Sources */ = {isa = PBXBuildFile; fileRef = 05C24E81191EA3AC00678F35 /* SBPlayerInfo.m */; };
		05C24E85191EA74B00678F35 /* SBAIPlayerShotCellProviderNormal.m in Sources */ = {isa = PBXBuildFile; fileRef = 05C24E84191EA74B00678F35 /* SBAIPlayerShotCellProviderNormal.m */; };
		05C24E88191EA93400678F35 /* AIAvatar.png in Resources */ = {isa = PBXBuildFile; fileRef = 05C24E86191EA93400678F35 /* AIAvatar.png */; };
		05C24E89191EA93400678F35 /* AIAvatar@2x.png in Resources */ = {isa = PBXBuildFile; fileRef = 05C24E87191EA93400678F35 /* AIAvatar@2x.png */; };
		05C24E8C191EA9C600678F35 /* DefaultUser.png in Resources */ = {isa = PBXBuildFile; fileRef = 05C24E8A191EA9C600678F35 /* DefaultUser.png */; };
		05C24E8D191EA9C600678F35 /* DefaultUser@2x.png in Resources */ = {isa = PBXBuildFile; fileRef = 05C24E8B191EA9C600678F35 /* DefaultUser@2x.png */; };
		05C24E90191EE28F00678F35 /* SBAIPlayerShotCellProviderEasy.m in Sources */ = {isa = PBXBuildFile; fileRef = 05C24E8F191EE28F00678F35 /* SBAIPlayerShotCellProviderEasy.m */; };
		05C24E93191EEC4000678F35 /* SBAIPlayerShotCellProviderHard.m in Sources */ = {isa = PBXBuildFile; fileRef = 05C24E92191EEC4000678F35 /* SBAIPlayerShotCellProviderHard.m */; };
		05DDD2481928E78F008D3B79 /* SBImageExtensions.m in Sources */ = {isa = PBXBuildFile; fileRef = 05DDD2471928E78F008D3B79 /* SBImageExtensions.m */; };
		05DDD24D1928EA06008D3B79 /* missed@2x.png in Resources */ = {isa = PBXBuildFile; fileRef = 05DDD24A1928EA06008D3B79 /* missed@2x.png */; };
		05DDD24E1928EA06008D3B79 /* ship@2x.png in Resources */ = {isa = PBXBuildFile; fileRef = 05DDD24B1928EA06008D3B79 /* ship@2x.png */; };
		05DDD24F1928EA06008D3B79 /* ship_defended@2x.png in Resources */ = {isa = PBXBuildFile; fileRef = 05DDD24C1928EA06008D3B79 /* ship_defended@2x.png */; };
/* End PBXBuildFile section */

/* Begin PBXContainerItemProxy section */
		0553F8A2190900E8007C0DB7 /* PBXContainerItemProxy */ = {
			isa = PBXContainerItemProxy;
			containerPortal = 0553F874190900E8007C0DB7 /* Project object */;
			proxyType = 1;
			remoteGlobalIDString = 0553F87B190900E8007C0DB7;
			remoteInfo = "Sea Battle";
		};
/* End PBXContainerItemProxy section */

/* Begin PBXFileReference section */
		051A4C6C190AC12A00826C4A /* SBChooseShipsView.h */ = {isa = PBXFileReference; fileEncoding = 4; lastKnownFileType = sourcecode.c.h; name = SBChooseShipsView.h; path = View/SBChooseShipsView.h; sourceTree = "<group>"; };
		051A4C6D190AC12A00826C4A /* SBChooseShipsView.m */ = {isa = PBXFileReference; fileEncoding = 4; lastKnownFileType = sourcecode.c.objc; name = SBChooseShipsView.m; path = View/SBChooseShipsView.m; sourceTree = "<group>"; };
		051A4C6F190AC19C00826C4A /* SBShipElement.h */ = {isa = PBXFileReference; fileEncoding = 4; lastKnownFileType = sourcecode.c.h; path = SBShipElement.h; sourceTree = "<group>"; };
		051A4C70190AC19C00826C4A /* SBShipElement.m */ = {isa = PBXFileReference; fileEncoding = 4; lastKnownFileType = sourcecode.c.objc; path = SBShipElement.m; sourceTree = "<group>"; };
		051A4C72190AC5F800826C4A /* SBShipElementView.h */ = {isa = PBXFileReference; fileEncoding = 4; lastKnownFileType = sourcecode.c.h; name = SBShipElementView.h; path = View/SBShipElementView.h; sourceTree = "<group>"; };
		051A4C73190AC5F800826C4A /* SBShipElementView.m */ = {isa = PBXFileReference; fileEncoding = 4; lastKnownFileType = sourcecode.c.objc; name = SBShipElementView.m; path = View/SBShipElementView.m; sourceTree = "<group>"; };
		051A4C76190AC93200826C4A /* SBCellCoordinate.h */ = {isa = PBXFileReference; lastKnownFileType = sourcecode.c.h; path = SBCellCoordinate.h; sourceTree = "<group>"; };
		051A4C77190AD02E00826C4A /* SBCellCoordinate.m */ = {isa = PBXFileReference; fileEncoding = 4; lastKnownFileType = sourcecode.c.objc; path = SBCellCoordinate.m; sourceTree = "<group>"; };
		054170BE1928EE9B00366B32 /* missed.png */ = {isa = PBXFileReference; lastKnownFileType = image.png; path = missed.png; sourceTree = "<group>"; };
		054170BF1928EE9B00366B32 /* ship_defended.png */ = {isa = PBXFileReference; lastKnownFileType = image.png; path = ship_defended.png; sourceTree = "<group>"; };
		054170C01928EE9B00366B32 /* ship.png */ = {isa = PBXFileReference; lastKnownFileType = image.png; path = ship.png; sourceTree = "<group>"; };
		054170C41928F47F00366B32 /* QuartzCore.framework */ = {isa = PBXFileReference; lastKnownFileType = wrapper.framework; name = QuartzCore.framework; path = System/Library/Frameworks/QuartzCore.framework; sourceTree = SDKROOT; };
		054170C619291B2700366B32 /* SBDefaults.h */ = {isa = PBXFileReference; lastKnownFileType = sourcecode.c.h; path = SBDefaults.h; sourceTree = "<group>"; };
		054170C71929220500366B32 /* NSKeyedUnarchiverExtensions.h */ = {isa = PBXFileReference; fileEncoding = 4; lastKnownFileType = sourcecode.c.h; path = NSKeyedUnarchiverExtensions.h; sourceTree = "<group>"; };
		054170C81929220600366B32 /* NSKeyedUnarchiverExtensions.m */ = {isa = PBXFileReference; fileEncoding = 4; lastKnownFileType = sourcecode.c.objc; path = NSKeyedUnarchiverExtensions.m; sourceTree = "<group>"; };
		0553F87C190900E8007C0DB7 /* Sea Battle.app */ = {isa = PBXFileReference; explicitFileType = wrapper.application; includeInIndex = 0; path = "Sea Battle.app"; sourceTree = BUILT_PRODUCTS_DIR; };
		0553F87F190900E8007C0DB7 /* Foundation.framework */ = {isa = PBXFileReference; lastKnownFileType = wrapper.framework; name = Foundation.framework; path = System/Library/Frameworks/Foundation.framework; sourceTree = SDKROOT; };
		0553F881190900E8007C0DB7 /* CoreGraphics.framework */ = {isa = PBXFileReference; lastKnownFileType = wrapper.framework; name = CoreGraphics.framework; path = System/Library/Frameworks/CoreGraphics.framework; sourceTree = SDKROOT; };
		0553F883190900E8007C0DB7 /* UIKit.framework */ = {isa = PBXFileReference; lastKnownFileType = wrapper.framework; name = UIKit.framework; path = System/Library/Frameworks/UIKit.framework; sourceTree = SDKROOT; };
		0553F887190900E8007C0DB7 /* Sea Battle-Info.plist */ = {isa = PBXFileReference; lastKnownFileType = text.plist.xml; path = "Sea Battle-Info.plist"; sourceTree = "<group>"; };
		0553F88B190900E8007C0DB7 /* main.m */ = {isa = PBXFileReference; lastKnownFileType = sourcecode.c.objc; path = main.m; sourceTree = "<group>"; };
		0553F88D190900E8007C0DB7 /* Sea Battle-Prefix.pch */ = {isa = PBXFileReference; lastKnownFileType = sourcecode.c.h; path = "Sea Battle-Prefix.pch"; sourceTree = "<group>"; };
		0553F88E190900E8007C0DB7 /* SBAppDelegate.h */ = {isa = PBXFileReference; lastKnownFileType = sourcecode.c.h; path = SBAppDelegate.h; sourceTree = "<group>"; };
		0553F88F190900E8007C0DB7 /* SBAppDelegate.m */ = {isa = PBXFileReference; lastKnownFileType = sourcecode.c.objc; path = SBAppDelegate.m; sourceTree = "<group>"; };
		0553F894190900E8007C0DB7 /* SBGameViewController.h */ = {isa = PBXFileReference; lastKnownFileType = sourcecode.c.h; path = SBGameViewController.h; sourceTree = "<group>"; };
		0553F895190900E8007C0DB7 /* SBGameViewController.m */ = {isa = PBXFileReference; lastKnownFileType = sourcecode.c.objc; path = SBGameViewController.m; sourceTree = "<group>"; };
		0553F897190900E8007C0DB7 /* Images.xcassets */ = {isa = PBXFileReference; lastKnownFileType = folder.assetcatalog; path = Images.xcassets; sourceTree = "<group>"; };
		0553F89D190900E8007C0DB7 /* Sea BattleTests.xctest */ = {isa = PBXFileReference; explicitFileType = wrapper.cfbundle; includeInIndex = 0; path = "Sea BattleTests.xctest"; sourceTree = BUILT_PRODUCTS_DIR; };
		0553F89E190900E8007C0DB7 /* XCTest.framework */ = {isa = PBXFileReference; lastKnownFileType = wrapper.framework; name = XCTest.framework; path = Library/Frameworks/XCTest.framework; sourceTree = DEVELOPER_DIR; };
		0553F8A6190900E8007C0DB7 /* Sea BattleTests-Info.plist */ = {isa = PBXFileReference; lastKnownFileType = text.plist.xml; path = "Sea BattleTests-Info.plist"; sourceTree = "<group>"; };
		0553F8A8190900E8007C0DB7 /* en */ = {isa = PBXFileReference; lastKnownFileType = text.plist.strings; name = en; path = en.lproj/InfoPlist.strings; sourceTree = "<group>"; };
		0553F8AA190900E8007C0DB7 /* Sea_BattleTests.m */ = {isa = PBXFileReference; lastKnownFileType = sourcecode.c.objc; path = Sea_BattleTests.m; sourceTree = "<group>"; };
		0553F8BC19090306007C0DB7 /* Storyboard_iPhone.storyboard */ = {isa = PBXFileReference; fileEncoding = 4; lastKnownFileType = file.storyboard; path = Storyboard_iPhone.storyboard; sourceTree = "<group>"; };
		0553F8C1190904F3007C0DB7 /* en */ = {isa = PBXFileReference; lastKnownFileType = text.plist.strings; name = en; path = en.lproj/InfoPlist.strings; sourceTree = "<group>"; };
		0553F8C6190906EF007C0DB7 /* SBPlayer.h */ = {isa = PBXFileReference; lastKnownFileType = sourcecode.c.h; name = SBPlayer.h; path = PlayersController/Abstract/SBPlayer.h; sourceTree = "<group>"; };
		0553F8C919090894007C0DB7 /* SBGameFieldView.h */ = {isa = PBXFileReference; fileEncoding = 4; lastKnownFileType = sourcecode.c.h; name = SBGameFieldView.h; path = View/SBGameFieldView.h; sourceTree = "<group>"; };
		0553F8CA19090894007C0DB7 /* SBGameFieldView.m */ = {isa = PBXFileReference; fileEncoding = 4; lastKnownFileType = sourcecode.c.objc; name = SBGameFieldView.m; path = View/SBGameFieldView.m; sourceTree = "<group>"; };
		0553F8CC190908D8007C0DB7 /* SBGameFieldCell.h */ = {isa = PBXFileReference; fileEncoding = 4; lastKnownFileType = sourcecode.c.h; path = SBGameFieldCell.h; sourceTree = "<group>"; };
		0553F8CD190908D8007C0DB7 /* SBGameFieldCell.m */ = {isa = PBXFileReference; fileEncoding = 4; lastKnownFileType = sourcecode.c.objc; path = SBGameFieldCell.m; sourceTree = "<group>"; };
		055B10051919606A003596EE /* SBShipLayouter.h */ = {isa = PBXFileReference; fileEncoding = 4; lastKnownFileType = sourcecode.c.h; path = SBShipLayouter.h; sourceTree = "<group>"; };
		055B10061919606A003596EE /* SBShipLayouter.m */ = {isa = PBXFileReference; fileEncoding = 4; lastKnownFileType = sourcecode.c.objc; path = SBShipLayouter.m; sourceTree = "<group>"; };
		057D93AE1912FE8B00E8ECC7 /* NSArrayExtensions.h */ = {isa = PBXFileReference; fileEncoding = 4; lastKnownFileType = sourcecode.c.h; name = NSArrayExtensions.h; path = Model/NSArrayExtensions.h; sourceTree = "<group>"; };
		057D93AF1912FE8B00E8ECC7 /* NSArrayExtensions.m */ = {isa = PBXFileReference; fileEncoding = 4; lastKnownFileType = sourcecode.c.objc; name = NSArrayExtensions.m; path = Model/NSArrayExtensions.m; sourceTree = "<group>"; };
		0591FDC1190E6B2F0039DE5E /* SBShipPositionController.h */ = {isa = PBXFileReference; fileEncoding = 4; lastKnownFileType = sourcecode.c.h; path = SBShipPositionController.h; sourceTree = "<group>"; };
		0591FDC2190E6B2F0039DE5E /* SBShipPositionController.m */ = {isa = PBXFileReference; fileEncoding = 4; lastKnownFileType = sourcecode.c.objc; path = SBShipPositionController.m; sourceTree = "<group>"; };
		0591FDC4190F75500039DE5E /* SBGameController.h */ = {isa = PBXFileReference; fileEncoding = 4; lastKnownFileType = sourcecode.c.h; path = SBGameController.h; sourceTree = "<group>"; };
		0591FDC5190F75500039DE5E /* SBGameController.m */ = {isa = PBXFileReference; fileEncoding = 4; lastKnownFileType = sourcecode.c.objc; path = SBGameController.m; sourceTree = "<group>"; };
		05BE5D3A1918342E003B59E3 /* SBAIPlayer.h */ = {isa = PBXFileReference; fileEncoding = 4; lastKnownFileType = sourcecode.c.h; name = SBAIPlayer.h; path = PlayersController/AI/SBAIPlayer.h; sourceTree = "<group>"; };
		05BE5D3B1918342E003B59E3 /* SBAIPlayer.m */ = {isa = PBXFileReference; fileEncoding = 4; lastKnownFileType = sourcecode.c.objc; name = SBAIPlayer.m; path = PlayersController/AI/SBAIPlayer.m; sourceTree = "<group>"; };
		05BE5D3D19183B62003B59E3 /* SBAIAutomaticShipLayouter.h */ = {isa = PBXFileReference; fileEncoding = 4; lastKnownFileType = sourcecode.c.h; name = SBAIAutomaticShipLayouter.h; path = PlayersController/AI/SBAIAutomaticShipLayouter.h; sourceTree = "<group>"; };
		05BE5D3E19183B62003B59E3 /* SBAIAutomaticShipLayouter.m */ = {isa = PBXFileReference; fileEncoding = 4; lastKnownFileType = sourcecode.c.objc; name = SBAIAutomaticShipLayouter.m; path = PlayersController/AI/SBAIAutomaticShipLayouter.m; sourceTree = "<group>"; };
		05C24E7A191E80E000678F35 /* SBColorExtensions.h */ = {isa = PBXFileReference; fileEncoding = 4; lastKnownFileType = sourcecode.c.h; name = SBColorExtensions.h; path = Extensions/SBColorExtensions.h; sourceTree = "<group>"; };
		05C24E7B191E80E000678F35 /* SBColorExtensions.m */ = {isa = PBXFileReference; fileEncoding = 4; lastKnownFileType = sourcecode.c.objc; name = SBColorExtensions.m; path = Extensions/SBColorExtensions.m; sourceTree = "<group>"; };
		05C24E7D191E91D200678F35 /* SBGameEnviroment.h */ = {isa = PBXFileReference; fileEncoding = 4; lastKnownFileType = sourcecode.c.h; path = SBGameEnviroment.h; sourceTree = "<group>"; };
		05C24E7E191E91D200678F35 /* SBGameEnviroment.m */ = {isa = PBXFileReference; fileEncoding = 4; lastKnownFileType = sourcecode.c.objc; path = SBGameEnviroment.m; sourceTree = "<group>"; };
		05C24E80191EA3AC00678F35 /* SBPlayerInfo.h */ = {isa = PBXFileReference; fileEncoding = 4; lastKnownFileType = sourcecode.c.h; name = SBPlayerInfo.h; path = PlayersController/SBPlayerInfo.h; sourceTree = "<group>"; };
		05C24E81191EA3AC00678F35 /* SBPlayerInfo.m */ = {isa = PBXFileReference; fileEncoding = 4; lastKnownFileType = sourcecode.c.objc; name = SBPlayerInfo.m; path = PlayersController/SBPlayerInfo.m; sourceTree = "<group>"; };
		05C24E83191EA74B00678F35 /* SBAIPlayerShotCellProviderNormal.h */ = {isa = PBXFileReference; fileEncoding = 4; lastKnownFileType = sourcecode.c.h; name = SBAIPlayerShotCellProviderNormal.h; path = PlayersController/AI/SBAIPlayerShotCellProviderNormal.h; sourceTree = "<group>"; };
		05C24E84191EA74B00678F35 /* SBAIPlayerShotCellProviderNormal.m */ = {isa = PBXFileReference; fileEncoding = 4; lastKnownFileType = sourcecode.c.objc; name = SBAIPlayerShotCellProviderNormal.m; path = PlayersController/AI/SBAIPlayerShotCellProviderNormal.m; sourceTree = "<group>"; };
		05C24E86191EA93400678F35 /* AIAvatar.png */ = {isa = PBXFileReference; lastKnownFileType = image.png; path = AIAvatar.png; sourceTree = "<group>"; };
		05C24E87191EA93400678F35 /* AIAvatar@2x.png */ = {isa = PBXFileReference; lastKnownFileType = image.png; path = "AIAvatar@2x.png"; sourceTree = "<group>"; };
		05C24E8A191EA9C600678F35 /* DefaultUser.png */ = {isa = PBXFileReference; lastKnownFileType = image.png; path = DefaultUser.png; sourceTree = "<group>"; };
		05C24E8B191EA9C600678F35 /* DefaultUser@2x.png */ = {isa = PBXFileReference; lastKnownFileType = image.png; path = "DefaultUser@2x.png"; sourceTree = "<group>"; };
		05C24E8E191EE28F00678F35 /* SBAIPlayerShotCellProviderEasy.h */ = {isa = PBXFileReference; fileEncoding = 4; lastKnownFileType = sourcecode.c.h; name = SBAIPlayerShotCellProviderEasy.h; path = PlayersController/AI/SBAIPlayerShotCellProviderEasy.h; sourceTree = "<group>"; };
		05C24E8F191EE28F00678F35 /* SBAIPlayerShotCellProviderEasy.m */ = {isa = PBXFileReference; fileEncoding = 4; lastKnownFileType = sourcecode.c.objc; name = SBAIPlayerShotCellProviderEasy.m; path = PlayersController/AI/SBAIPlayerShotCellProviderEasy.m; sourceTree = "<group>"; };
		05C24E91191EEC4000678F35 /* SBAIPlayerShotCellProviderHard.h */ = {isa = PBXFileReference; fileEncoding = 4; lastKnownFileType = sourcecode.c.h; name = SBAIPlayerShotCellProviderHard.h; path = PlayersController/AI/SBAIPlayerShotCellProviderHard.h; sourceTree = "<group>"; };
		05C24E92191EEC4000678F35 /* SBAIPlayerShotCellProviderHard.m */ = {isa = PBXFileReference; fileEncoding = 4; lastKnownFileType = sourcecode.c.objc; name = SBAIPlayerShotCellProviderHard.m; path = PlayersController/AI/SBAIPlayerShotCellProviderHard.m; sourceTree = "<group>"; };
		05DDD2461928E78E008D3B79 /* SBImageExtensions.h */ = {isa = PBXFileReference; fileEncoding = 4; lastKnownFileType = sourcecode.c.h; name = SBImageExtensions.h; path = Extensions/SBImageExtensions.h; sourceTree = "<group>"; };
		05DDD2471928E78F008D3B79 /* SBImageExtensions.m */ = {isa = PBXFileReference; fileEncoding = 4; lastKnownFileType = sourcecode.c.objc; name = SBImageExtensions.m; path = Extensions/SBImageExtensions.m; sourceTree = "<group>"; };
		05DDD24A1928EA06008D3B79 /* missed@2x.png */ = {isa = PBXFileReference; lastKnownFileType = image.png; path = "missed@2x.png"; sourceTree = "<group>"; };
		05DDD24B1928EA06008D3B79 /* ship@2x.png */ = {isa = PBXFileReference; lastKnownFileType = image.png; path = "ship@2x.png"; sourceTree = "<group>"; };
		05DDD24C1928EA06008D3B79 /* ship_defended@2x.png */ = {isa = PBXFileReference; lastKnownFileType = image.png; path = "ship_defended@2x.png"; sourceTree = "<group>"; };
/* End PBXFileReference section */

/* Begin PBXFrameworksBuildPhase section */
		0553F879190900E8007C0DB7 /* Frameworks */ = {
			isa = PBXFrameworksBuildPhase;
			buildActionMask = 2147483647;
			files = (
				054170C51928F47F00366B32 /* QuartzCore.framework in Frameworks */,
				0553F882190900E8007C0DB7 /* CoreGraphics.framework in Frameworks */,
				0553F884190900E8007C0DB7 /* UIKit.framework in Frameworks */,
				0553F880190900E8007C0DB7 /* Foundation.framework in Frameworks */,
			);
			runOnlyForDeploymentPostprocessing = 0;
		};
		0553F89A190900E8007C0DB7 /* Frameworks */ = {
			isa = PBXFrameworksBuildPhase;
			buildActionMask = 2147483647;
			files = (
				0553F89F190900E8007C0DB7 /* XCTest.framework in Frameworks */,
				0553F8A1190900E8007C0DB7 /* UIKit.framework in Frameworks */,
				0553F8A0190900E8007C0DB7 /* Foundation.framework in Frameworks */,
			);
			runOnlyForDeploymentPostprocessing = 0;
		};
/* End PBXFrameworksBuildPhase section */

/* Begin PBXGroup section */
		051A4C6B190AC0FA00826C4A /* ChooseShips */ = {
			isa = PBXGroup;
			children = (
				051A4C6C190AC12A00826C4A /* SBChooseShipsView.h */,
				051A4C6D190AC12A00826C4A /* SBChooseShipsView.m */,
			);
			name = ChooseShips;
			sourceTree = "<group>";
		};
		0553F873190900E8007C0DB7 = {
			isa = PBXGroup;
			children = (
				0553F8B41909012C007C0DB7 /* Resources */,
				0553F885190900E8007C0DB7 /* Sources */,
				0553F8A4190900E8007C0DB7 /* Sea BattleTests */,
				0553F87E190900E8007C0DB7 /* Frameworks */,
				0553F87D190900E8007C0DB7 /* Products */,
			);
			sourceTree = "<group>";
		};
		0553F87D190900E8007C0DB7 /* Products */ = {
			isa = PBXGroup;
			children = (
				0553F87C190900E8007C0DB7 /* Sea Battle.app */,
				0553F89D190900E8007C0DB7 /* Sea BattleTests.xctest */,
			);
			name = Products;
			sourceTree = "<group>";
		};
		0553F87E190900E8007C0DB7 /* Frameworks */ = {
			isa = PBXGroup;
			children = (
				054170C41928F47F00366B32 /* QuartzCore.framework */,
				0553F87F190900E8007C0DB7 /* Foundation.framework */,
				0553F881190900E8007C0DB7 /* CoreGraphics.framework */,
				0553F883190900E8007C0DB7 /* UIKit.framework */,
				0553F89E190900E8007C0DB7 /* XCTest.framework */,
			);
			name = Frameworks;
			sourceTree = "<group>";
		};
		0553F885190900E8007C0DB7 /* Sources */ = {
			isa = PBXGroup;
			children = (
				05C24E79191E803400678F35 /* Extensions */,
				055B1008191AC8FD003596EE /* UI */,
				0553F8BF1909047F007C0DB7 /* Prefix */,
				0553F8B719090148007C0DB7 /* Model */,
				0553F8B519090133007C0DB7 /* Controllers */,
			);
			name = Sources;
			path = "Sea Battle/Sources";
			sourceTree = "<group>";
		};
		0553F8A4190900E8007C0DB7 /* Sea BattleTests */ = {
			isa = PBXGroup;
			children = (
				0553F8AA190900E8007C0DB7 /* Sea_BattleTests.m */,
				0553F8A5190900E8007C0DB7 /* Supporting Files */,
			);
			path = "Sea BattleTests";
			sourceTree = "<group>";
		};
		0553F8A5190900E8007C0DB7 /* Supporting Files */ = {
			isa = PBXGroup;
			children = (
				0553F8A6190900E8007C0DB7 /* Sea BattleTests-Info.plist */,
				0553F8A7190900E8007C0DB7 /* InfoPlist.strings */,
			);
			name = "Supporting Files";
			sourceTree = "<group>";
		};
		0553F8B41909012C007C0DB7 /* Resources */ = {
			isa = PBXGroup;
			children = (
				0553F8BE1909043F007C0DB7 /* Strings */,
				0553F8BB1909027E007C0DB7 /* Plists */,
				0553F8BA19090278007C0DB7 /* Images */,
				0553F8B919090272007C0DB7 /* XIB */,
			);
			name = Resources;
			path = "Sea Battle/Resources";
			sourceTree = "<group>";
		};
		0553F8B519090133007C0DB7 /* Controllers */ = {
			isa = PBXGroup;
			children = (
				0553F8C319090656007C0DB7 /* PlayerController */,
				0553F88E190900E8007C0DB7 /* SBAppDelegate.h */,
				0553F88F190900E8007C0DB7 /* SBAppDelegate.m */,
				0591FDC1190E6B2F0039DE5E /* SBShipPositionController.h */,
				0591FDC2190E6B2F0039DE5E /* SBShipPositionController.m */,
				0591FDC4190F75500039DE5E /* SBGameController.h */,
				0591FDC5190F75500039DE5E /* SBGameController.m */,
				055B10051919606A003596EE /* SBShipLayouter.h */,
				055B10061919606A003596EE /* SBShipLayouter.m */,
				05C24E7D191E91D200678F35 /* SBGameEnviroment.h */,
				05C24E7E191E91D200678F35 /* SBGameEnviroment.m */,
			);
			path = Controllers;
			sourceTree = "<group>";
		};
		0553F8B61909013B007C0DB7 /* ViewControllers */ = {
			isa = PBXGroup;
			children = (
				0553F894190900E8007C0DB7 /* SBGameViewController.h */,
				0553F895190900E8007C0DB7 /* SBGameViewController.m */,
			);
			path = ViewControllers;
			sourceTree = "<group>";
		};
		0553F8B719090148007C0DB7 /* Model */ = {
			isa = PBXGroup;
			children = (
				0553F8CC190908D8007C0DB7 /* SBGameFieldCell.h */,
				0553F8CD190908D8007C0DB7 /* SBGameFieldCell.m */,
				051A4C6F190AC19C00826C4A /* SBShipElement.h */,
				051A4C70190AC19C00826C4A /* SBShipElement.m */,
				051A4C76190AC93200826C4A /* SBCellCoordinate.h */,
				051A4C77190AD02E00826C4A /* SBCellCoordinate.m */,
			);
			path = Model;
			sourceTree = "<group>";
		};
		0553F8B919090272007C0DB7 /* XIB */ = {
			isa = PBXGroup;
			children = (
				0553F8BC19090306007C0DB7 /* Storyboard_iPhone.storyboard */,
			);
			path = XIB;
			sourceTree = "<group>";
		};
		0553F8BA19090278007C0DB7 /* Images */ = {
			isa = PBXGroup;
			children = (
				05DDD2491928EA06008D3B79 /* Icons */,
				05C24E8A191EA9C600678F35 /* DefaultUser.png */,
				05C24E8B191EA9C600678F35 /* DefaultUser@2x.png */,
				05C24E86191EA93400678F35 /* AIAvatar.png */,
				05C24E87191EA93400678F35 /* AIAvatar@2x.png */,
				0553F897190900E8007C0DB7 /* Images.xcassets */,
			);
			path = Images;
			sourceTree = "<group>";
		};
		0553F8BB1909027E007C0DB7 /* Plists */ = {
			isa = PBXGroup;
			children = (
				0553F887190900E8007C0DB7 /* Sea Battle-Info.plist */,
			);
			path = Plists;
			sourceTree = "<group>";
		};
		0553F8BE1909043F007C0DB7 /* Strings */ = {
			isa = PBXGroup;
			children = (
				0553F8C0190904F3007C0DB7 /* InfoPlist.strings */,
			);
			path = Strings;
			sourceTree = "<group>";
		};
		0553F8BF1909047F007C0DB7 /* Prefix */ = {
			isa = PBXGroup;
			children = (
				0553F88B190900E8007C0DB7 /* main.m */,
				0553F88D190900E8007C0DB7 /* Sea Battle-Prefix.pch */,
				054170C619291B2700366B32 /* SBDefaults.h */,
			);
			path = Prefix;
			sourceTree = "<group>";
		};
		0553F8C319090656007C0DB7 /* PlayerController */ = {
			isa = PBXGroup;
			children = (
				0553F8C519090668007C0DB7 /* AI */,
				0553F8C419090660007C0DB7 /* Abstract */,
				05C24E80191EA3AC00678F35 /* SBPlayerInfo.h */,
				05C24E81191EA3AC00678F35 /* SBPlayerInfo.m */,
			);
			name = PlayerController;
			sourceTree = "<group>";
		};
		0553F8C419090660007C0DB7 /* Abstract */ = {
			isa = PBXGroup;
			children = (
				0553F8C6190906EF007C0DB7 /* SBPlayer.h */,
			);
			name = Abstract;
			sourceTree = "<group>";
		};
		0553F8C519090668007C0DB7 /* AI */ = {
			isa = PBXGroup;
			children = (
				05BE5D3A1918342E003B59E3 /* SBAIPlayer.h */,
				05BE5D3B1918342E003B59E3 /* SBAIPlayer.m */,
				05BE5D3D19183B62003B59E3 /* SBAIAutomaticShipLayouter.h */,
				05BE5D3E19183B62003B59E3 /* SBAIAutomaticShipLayouter.m */,
				05C24E8E191EE28F00678F35 /* SBAIPlayerShotCellProviderEasy.h */,
				05C24E8F191EE28F00678F35 /* SBAIPlayerShotCellProviderEasy.m */,
				05C24E83191EA74B00678F35 /* SBAIPlayerShotCellProviderNormal.h */,
				05C24E84191EA74B00678F35 /* SBAIPlayerShotCellProviderNormal.m */,
				05C24E91191EEC4000678F35 /* SBAIPlayerShotCellProviderHard.h */,
				05C24E92191EEC4000678F35 /* SBAIPlayerShotCellProviderHard.m */,
			);
			name = AI;
			sourceTree = "<group>";
		};
		0553F8C71909085A007C0DB7 /* View */ = {
			isa = PBXGroup;
			children = (
				051A4C6B190AC0FA00826C4A /* ChooseShips */,
				0553F8C819090864007C0DB7 /* GameProcess */,
				051A4C72190AC5F800826C4A /* SBShipElementView.h */,
				051A4C73190AC5F800826C4A /* SBShipElementView.m */,
			);
			name = View;
			sourceTree = "<group>";
		};
		0553F8C819090864007C0DB7 /* GameProcess */ = {
			isa = PBXGroup;
			children = (
				0553F8C919090894007C0DB7 /* SBGameFieldView.h */,
				0553F8CA19090894007C0DB7 /* SBGameFieldView.m */,
			);
			name = GameProcess;
			sourceTree = "<group>";
		};
		055B1008191AC8FD003596EE /* UI */ = {
			isa = PBXGroup;
			children = (
				055B1009191AC903003596EE /* iOS */,
			);
			name = UI;
			sourceTree = "<group>";
		};
		055B1009191AC903003596EE /* iOS */ = {
			isa = PBXGroup;
			children = (
				0553F8C71909085A007C0DB7 /* View */,
				0553F8B61909013B007C0DB7 /* ViewControllers */,
			);
			name = iOS;
			sourceTree = "<group>";
		};
		05C24E79191E803400678F35 /* Extensions */ = {
			isa = PBXGroup;
			children = (
				057D93AE1912FE8B00E8ECC7 /* NSArrayExtensions.h */,
				057D93AF1912FE8B00E8ECC7 /* NSArrayExtensions.m */,
				05C24E7A191E80E000678F35 /* SBColorExtensions.h */,
				05C24E7B191E80E000678F35 /* SBColorExtensions.m */,
				05DDD2461928E78E008D3B79 /* SBImageExtensions.h */,
				05DDD2471928E78F008D3B79 /* SBImageExtensions.m */,
				054170C71929220500366B32 /* NSKeyedUnarchiverExtensions.h */,
				054170C81929220600366B32 /* NSKeyedUnarchiverExtensions.m */,
			);
			name = Extensions;
			sourceTree = "<group>";
		};
		05DDD2491928EA06008D3B79 /* Icons */ = {
			isa = PBXGroup;
			children = (
				054170BE1928EE9B00366B32 /* missed.png */,
				054170BF1928EE9B00366B32 /* ship_defended.png */,
				054170C01928EE9B00366B32 /* ship.png */,
				05DDD24A1928EA06008D3B79 /* missed@2x.png */,
				05DDD24B1928EA06008D3B79 /* ship@2x.png */,
				05DDD24C1928EA06008D3B79 /* ship_defended@2x.png */,
			);
			path = Icons;
			sourceTree = "<group>";
		};
/* End PBXGroup section */

/* Begin PBXNativeTarget section */
		0553F87B190900E8007C0DB7 /* Sea Battle */ = {
			isa = PBXNativeTarget;
			buildConfigurationList = 0553F8AE190900E8007C0DB7 /* Build configuration list for PBXNativeTarget "Sea Battle" */;
			buildPhases = (
				0553F878190900E8007C0DB7 /* Sources */,
				0553F879190900E8007C0DB7 /* Frameworks */,
				0553F87A190900E8007C0DB7 /* Resources */,
			);
			buildRules = (
			);
			dependencies = (
			);
			name = "Sea Battle";
			productName = "Sea Battle";
			productReference = 0553F87C190900E8007C0DB7 /* Sea Battle.app */;
			productType = "com.apple.product-type.application";
		};
		0553F89C190900E8007C0DB7 /* Sea BattleTests */ = {
			isa = PBXNativeTarget;
			buildConfigurationList = 0553F8B1190900E8007C0DB7 /* Build configuration list for PBXNativeTarget "Sea BattleTests" */;
			buildPhases = (
				0553F899190900E8007C0DB7 /* Sources */,
				0553F89A190900E8007C0DB7 /* Frameworks */,
				0553F89B190900E8007C0DB7 /* Resources */,
			);
			buildRules = (
			);
			dependencies = (
				0553F8A3190900E8007C0DB7 /* PBXTargetDependency */,
			);
			name = "Sea BattleTests";
			productName = "Sea BattleTests";
			productReference = 0553F89D190900E8007C0DB7 /* Sea BattleTests.xctest */;
			productType = "com.apple.product-type.bundle.unit-test";
		};
/* End PBXNativeTarget section */

/* Begin PBXProject section */
		0553F874190900E8007C0DB7 /* Project object */ = {
			isa = PBXProject;
			attributes = {
				CLASSPREFIX = SB;
				LastUpgradeCheck = 0510;
				ORGANIZATIONNAME = "Alexey Bodnya";
				TargetAttributes = {
					0553F89C190900E8007C0DB7 = {
						TestTargetID = 0553F87B190900E8007C0DB7;
					};
				};
			};
			buildConfigurationList = 0553F877190900E8007C0DB7 /* Build configuration list for PBXProject "Sea Battle" */;
			compatibilityVersion = "Xcode 3.2";
			developmentRegion = English;
			hasScannedForEncodings = 0;
			knownRegions = (
				en,
				Base,
			);
			mainGroup = 0553F873190900E8007C0DB7;
			productRefGroup = 0553F87D190900E8007C0DB7 /* Products */;
			projectDirPath = "";
			projectRoot = "";
			targets = (
				0553F87B190900E8007C0DB7 /* Sea Battle */,
				0553F89C190900E8007C0DB7 /* Sea BattleTests */,
			);
		};
/* End PBXProject section */

/* Begin PBXResourcesBuildPhase section */
		0553F87A190900E8007C0DB7 /* Resources */ = {
			isa = PBXResourcesBuildPhase;
			buildActionMask = 2147483647;
			files = (
				054170C11928EE9B00366B32 /* missed.png in Resources */,
				05C24E89191EA93400678F35 /* AIAvatar@2x.png in Resources */,
				054170C31928EE9B00366B32 /* ship.png in Resources */,
				05C24E88191EA93400678F35 /* AIAvatar.png in Resources */,
				0553F898190900E8007C0DB7 /* Images.xcassets in Resources */,
				0553F8C2190904F3007C0DB7 /* InfoPlist.strings in Resources */,
				05C24E8D191EA9C600678F35 /* DefaultUser@2x.png in Resources */,
				05DDD24E1928EA06008D3B79 /* ship@2x.png in Resources */,
				05C24E8C191EA9C600678F35 /* DefaultUser.png in Resources */,
				0553F8BD19090306007C0DB7 /* Storyboard_iPhone.storyboard in Resources */,
				05DDD24D1928EA06008D3B79 /* missed@2x.png in Resources */,
				054170C21928EE9B00366B32 /* ship_defended.png in Resources */,
				05DDD24F1928EA06008D3B79 /* ship_defended@2x.png in Resources */,
			);
			runOnlyForDeploymentPostprocessing = 0;
		};
		0553F89B190900E8007C0DB7 /* Resources */ = {
			isa = PBXResourcesBuildPhase;
			buildActionMask = 2147483647;
			files = (
				0553F8A9190900E8007C0DB7 /* InfoPlist.strings in Resources */,
			);
			runOnlyForDeploymentPostprocessing = 0;
		};
/* End PBXResourcesBuildPhase section */

/* Begin PBXSourcesBuildPhase section */
		0553F878190900E8007C0DB7 /* Sources */ = {
			isa = PBXSourcesBuildPhase;
			buildActionMask = 2147483647;
			files = (
				055B10071919606A003596EE /* SBShipLayouter.m in Sources */,
				0553F88C190900E8007C0DB7 /* main.m in Sources */,
				05BE5D3C1918342E003B59E3 /* SBAIPlayer.m in Sources */,
				051A4C6E190AC12A00826C4A /* SBChooseShipsView.m in Sources */,
				057D93B01912FE8B00E8ECC7 /* NSArrayExtensions.m in Sources */,
				054170C91929220600366B32 /* NSKeyedUnarchiverExtensions.m in Sources */,
				05C24E93191EEC4000678F35 /* SBAIPlayerShotCellProviderHard.m in Sources */,
				05C24E90191EE28F00678F35 /* SBAIPlayerShotCellProviderEasy.m in Sources */,
				051A4C74190AC5F800826C4A /* SBShipElementView.m in Sources */,
				0553F896190900E8007C0DB7 /* SBGameViewController.m in Sources */,
				051A4C78190AD02E00826C4A /* SBCellCoordinate.m in Sources */,
				05BE5D3F19183B62003B59E3 /* SBAIAutomaticShipLayouter.m in Sources */,
				05C24E85191EA74B00678F35 /* SBAIPlayerShotCellProviderNormal.m in Sources */,
				05C24E7F191E91D200678F35 /* SBGameEnviroment.m in Sources */,
				05DDD2481928E78F008D3B79 /* SBImageExtensions.m in Sources */,
				0591FDC6190F75500039DE5E /* SBGameController.m in Sources */,
				05C24E82191EA3AC00678F35 /* SBPlayerInfo.m in Sources */,
				0553F8CE190908D8007C0DB7 /* SBGameFieldCell.m in Sources */,
				0553F8CB19090894007C0DB7 /* SBGameFieldView.m in Sources */,
				051A4C71190AC19C00826C4A /* SBShipElement.m in Sources */,
				0553F890190900E8007C0DB7 /* SBAppDelegate.m in Sources */,
				0591FDC3190E6B2F0039DE5E /* SBShipPositionController.m in Sources */,
				05C24E7C191E80E000678F35 /* SBColorExtensions.m in Sources */,
			);
			runOnlyForDeploymentPostprocessing = 0;
		};
		0553F899190900E8007C0DB7 /* Sources */ = {
			isa = PBXSourcesBuildPhase;
			buildActionMask = 2147483647;
			files = (
				0553F8AB190900E8007C0DB7 /* Sea_BattleTests.m in Sources */,
			);
			runOnlyForDeploymentPostprocessing = 0;
		};
/* End PBXSourcesBuildPhase section */

/* Begin PBXTargetDependency section */
		0553F8A3190900E8007C0DB7 /* PBXTargetDependency */ = {
			isa = PBXTargetDependency;
			target = 0553F87B190900E8007C0DB7 /* Sea Battle */;
			targetProxy = 0553F8A2190900E8007C0DB7 /* PBXContainerItemProxy */;
		};
/* End PBXTargetDependency section */

/* Begin PBXVariantGroup section */
		0553F8A7190900E8007C0DB7 /* InfoPlist.strings */ = {
			isa = PBXVariantGroup;
			children = (
				0553F8A8190900E8007C0DB7 /* en */,
			);
			name = InfoPlist.strings;
			sourceTree = "<group>";
		};
		0553F8C0190904F3007C0DB7 /* InfoPlist.strings */ = {
			isa = PBXVariantGroup;
			children = (
				0553F8C1190904F3007C0DB7 /* en */,
			);
			name = InfoPlist.strings;
			sourceTree = "<group>";
		};
/* End PBXVariantGroup section */

/* Begin XCBuildConfiguration section */
		0553F8AC190900E8007C0DB7 /* Debug */ = {
			isa = XCBuildConfiguration;
			buildSettings = {
				ALWAYS_SEARCH_USER_PATHS = NO;
				CLANG_CXX_LANGUAGE_STANDARD = "gnu++0x";
				CLANG_CXX_LIBRARY = "libc++";
				CLANG_ENABLE_MODULES = YES;
				CLANG_ENABLE_OBJC_ARC = YES;
				CLANG_WARN_BOOL_CONVERSION = YES;
				CLANG_WARN_CONSTANT_CONVERSION = YES;
				CLANG_WARN_DIRECT_OBJC_ISA_USAGE = YES_ERROR;
				CLANG_WARN_EMPTY_BODY = YES;
				CLANG_WARN_ENUM_CONVERSION = YES;
				CLANG_WARN_INT_CONVERSION = YES;
				CLANG_WARN_OBJC_ROOT_CLASS = YES_ERROR;
				CLANG_WARN__DUPLICATE_METHOD_MATCH = YES;
				"CODE_SIGN_IDENTITY[sdk=iphoneos*]" = "iPhone Developer";
				COPY_PHASE_STRIP = NO;
				GCC_C_LANGUAGE_STANDARD = gnu99;
				GCC_DYNAMIC_NO_PIC = NO;
				GCC_OPTIMIZATION_LEVEL = 0;
				GCC_PREPROCESSOR_DEFINITIONS = (
					"DEBUG=1",
					"$(inherited)",
				);
				GCC_SYMBOLS_PRIVATE_EXTERN = NO;
				GCC_WARN_64_TO_32_BIT_CONVERSION = YES;
				GCC_WARN_ABOUT_RETURN_TYPE = YES_ERROR;
				GCC_WARN_UNDECLARED_SELECTOR = YES;
				GCC_WARN_UNINITIALIZED_AUTOS = YES_AGGRESSIVE;
				GCC_WARN_UNUSED_FUNCTION = YES;
				GCC_WARN_UNUSED_VARIABLE = YES;
				IPHONEOS_DEPLOYMENT_TARGET = 7.1;
				ONLY_ACTIVE_ARCH = YES;
				SDKROOT = iphoneos;
			};
			name = Debug;
		};
		0553F8AD190900E8007C0DB7 /* Release */ = {
			isa = XCBuildConfiguration;
			buildSettings = {
				ALWAYS_SEARCH_USER_PATHS = NO;
				CLANG_CXX_LANGUAGE_STANDARD = "gnu++0x";
				CLANG_CXX_LIBRARY = "libc++";
				CLANG_ENABLE_MODULES = YES;
				CLANG_ENABLE_OBJC_ARC = YES;
				CLANG_WARN_BOOL_CONVERSION = YES;
				CLANG_WARN_CONSTANT_CONVERSION = YES;
				CLANG_WARN_DIRECT_OBJC_ISA_USAGE = YES_ERROR;
				CLANG_WARN_EMPTY_BODY = YES;
				CLANG_WARN_ENUM_CONVERSION = YES;
				CLANG_WARN_INT_CONVERSION = YES;
				CLANG_WARN_OBJC_ROOT_CLASS = YES_ERROR;
				CLANG_WARN__DUPLICATE_METHOD_MATCH = YES;
				"CODE_SIGN_IDENTITY[sdk=iphoneos*]" = "iPhone Developer";
				COPY_PHASE_STRIP = YES;
				ENABLE_NS_ASSERTIONS = NO;
				GCC_C_LANGUAGE_STANDARD = gnu99;
				GCC_WARN_64_TO_32_BIT_CONVERSION = YES;
				GCC_WARN_ABOUT_RETURN_TYPE = YES_ERROR;
				GCC_WARN_UNDECLARED_SELECTOR = YES;
				GCC_WARN_UNINITIALIZED_AUTOS = YES_AGGRESSIVE;
				GCC_WARN_UNUSED_FUNCTION = YES;
				GCC_WARN_UNUSED_VARIABLE = YES;
				IPHONEOS_DEPLOYMENT_TARGET = 7.1;
				SDKROOT = iphoneos;
				VALIDATE_PRODUCT = YES;
			};
			name = Release;
		};
		0553F8AF190900E8007C0DB7 /* Debug */ = {
			isa = XCBuildConfiguration;
			buildSettings = {
				ASSETCATALOG_COMPILER_APPICON_NAME = AppIcon;
				ASSETCATALOG_COMPILER_LAUNCHIMAGE_NAME = LaunchImage;
				GCC_PRECOMPILE_PREFIX_HEADER = YES;
				GCC_PREFIX_HEADER = "Sea Battle/Sources/Prefix/Sea Battle-Prefix.pch";
				INFOPLIST_FILE = "Sea Battle/Resources/Plists/Sea Battle-Info.plist";
				PRODUCT_NAME = "$(TARGET_NAME)";
				WRAPPER_EXTENSION = app;
			};
			name = Debug;
		};
		0553F8B0190900E8007C0DB7 /* Release */ = {
			isa = XCBuildConfiguration;
			buildSettings = {
				ASSETCATALOG_COMPILER_APPICON_NAME = AppIcon;
				ASSETCATALOG_COMPILER_LAUNCHIMAGE_NAME = LaunchImage;
				GCC_PRECOMPILE_PREFIX_HEADER = YES;
				GCC_PREFIX_HEADER = "Sea Battle/Sources/Prefix/Sea Battle-Prefix.pch";
				INFOPLIST_FILE = "Sea Battle/Resources/Plists/Sea Battle-Info.plist";
				PRODUCT_NAME = "$(TARGET_NAME)";
				WRAPPER_EXTENSION = app;
			};
			name = Release;
		};
		0553F8B2190900E8007C0DB7 /* Debug */ = {
			isa = XCBuildConfiguration;
			buildSettings = {
				BUNDLE_LOADER = "$(BUILT_PRODUCTS_DIR)/Sea Battle.app/Sea Battle";
				FRAMEWORK_SEARCH_PATHS = (
					"$(SDKROOT)/Developer/Library/Frameworks",
					"$(inherited)",
					"$(DEVELOPER_FRAMEWORKS_DIR)",
				);
				GCC_PRECOMPILE_PREFIX_HEADER = YES;
				GCC_PREFIX_HEADER = "Sea Battle/Sea Battle-Prefix.pch";
				GCC_PREPROCESSOR_DEFINITIONS = (
					"DEBUG=1",
					"$(inherited)",
				);
				INFOPLIST_FILE = "Sea BattleTests/Sea BattleTests-Info.plist";
				PRODUCT_NAME = "$(TARGET_NAME)";
				TEST_HOST = "$(BUNDLE_LOADER)";
				WRAPPER_EXTENSION = xctest;
			};
			name = Debug;
		};
		0553F8B3190900E8007C0DB7 /* Release */ = {
			isa = XCBuildConfiguration;
			buildSettings = {
				BUNDLE_LOADER = "$(BUILT_PRODUCTS_DIR)/Sea Battle.app/Sea Battle";
				FRAMEWORK_SEARCH_PATHS = (
					"$(SDKROOT)/Developer/Library/Frameworks",
					"$(inherited)",
					"$(DEVELOPER_FRAMEWORKS_DIR)",
				);
				GCC_PRECOMPILE_PREFIX_HEADER = YES;
				GCC_PREFIX_HEADER = "Sea Battle/Sea Battle-Prefix.pch";
				INFOPLIST_FILE = "Sea BattleTests/Sea BattleTests-Info.plist";
				PRODUCT_NAME = "$(TARGET_NAME)";
				TEST_HOST = "$(BUNDLE_LOADER)";
				WRAPPER_EXTENSION = xctest;
			};
			name = Release;
		};
/* End XCBuildConfiguration section */

/* Begin XCConfigurationList section */
		0553F877190900E8007C0DB7 /* Build configuration list for PBXProject "Sea Battle" */ = {
			isa = XCConfigurationList;
			buildConfigurations = (
				0553F8AC190900E8007C0DB7 /* Debug */,
				0553F8AD190900E8007C0DB7 /* Release */,
			);
			defaultConfigurationIsVisible = 0;
			defaultConfigurationName = Release;
		};
		0553F8AE190900E8007C0DB7 /* Build configuration list for PBXNativeTarget "Sea Battle" */ = {
			isa = XCConfigurationList;
			buildConfigurations = (
				0553F8AF190900E8007C0DB7 /* Debug */,
				0553F8B0190900E8007C0DB7 /* Release */,
			);
			defaultConfigurationIsVisible = 0;
			defaultConfigurationName = Release;
		};
		0553F8B1190900E8007C0DB7 /* Build configuration list for PBXNativeTarget "Sea BattleTests" */ = {
			isa = XCConfigurationList;
			buildConfigurations = (
				0553F8B2190900E8007C0DB7 /* Debug */,
				0553F8B3190900E8007C0DB7 /* Release */,
			);
			defaultConfigurationIsVisible = 0;
			defaultConfigurationName = Release;
		};
/* End XCConfigurationList section */
	};
	rootObject = 0553F874190900E8007C0DB7 /* Project object */;
}
